
Microsoft Visual Studio Solution File, Format Version 12.00
# Visual Studio Version 16
VisualStudioVersion = 16.0.32602.291
MinimumVisualStudioVersion = 10.0.40219.1
Project("{FAE04EC0-301F-11D3-BF4B-00C04F79EFBC}") = "CapaPresentacion", "CapaPresentacion.csproj", "{BAAA7563-30E4-46F4-9CB1-6FAB211996E8}"
EndProject
Project("{FAE04EC0-301F-11D3-BF4B-00C04F79EFBC}") = "CapaDatos", "CapaDatos\CapaDatos.csproj", "{074B73CF-CA87-4BEA-A72A-3E4F8ED3C39A}"
EndProject
Project("{FAE04EC0-301F-11D3-BF4B-00C04F79EFBC}") = "CapaEntidad", "CapaEntidad\CapaEntidad.csproj", "{7427638D-11CB-4A94-96D9-17E93BEDAEDA}"
EndProject
Project("{FAE04EC0-301F-11D3-BF4B-00C04F79EFBC}") = "CapaLogicaNegocio", "CapaLogicaNegocio\CapaLogicaNegocio.csproj", "{04E64D2A-7C11-4D7D-BD28-5FE9DA13BF0A}"
EndProject
Global
	GlobalSection(SolutionConfigurationPlatforms) = preSolution
		Debug|Any CPU = Debug|Any CPU
		Release|Any CPU = Release|Any CPU
	EndGlobalSection
	GlobalSection(ProjectConfigurationPlatforms) = postSolution
		{BAAA7563-30E4-46F4-9CB1-6FAB211996E8}.Debug|Any CPU.ActiveCfg = Debug|Any CPU
		{BAAA7563-30E4-46F4-9CB1-6FAB211996E8}.Debug|Any CPU.Build.0 = Debug|Any CPU
		{BAAA7563-30E4-46F4-9CB1-6FAB211996E8}.Release|Any CPU.ActiveCfg = Release|Any CPU
		{BAAA7563-30E4-46F4-9CB1-6FAB211996E8}.Release|Any CPU.Build.0 = Release|Any CPU
		{074B73CF-CA87-4BEA-A72A-3E4F8ED3C39A}.Debug|Any CPU.ActiveCfg = Debug|Any CPU
		{074B73CF-CA87-4BEA-A72A-3E4F8ED3C39A}.Debug|Any CPU.Build.0 = Debug|Any CPU
		{074B73CF-CA87-4BEA-A72A-3E4F8ED3C39A}.Release|Any CPU.ActiveCfg = Release|Any CPU
		{074B73CF-CA87-4BEA-A72A-3E4F8ED3C39A}.Release|Any CPU.Build.0 = Release|Any CPU
		{7427638D-11CB-4A94-96D9-17E93BEDAEDA}.Debug|Any CPU.ActiveCfg = Debug|Any CPU
		{7427638D-11CB-4A94-96D9-17E93BEDAEDA}.Debug|Any CPU.Build.0 = Debug|Any CPU
		{7427638D-11CB-4A94-96D9-17E93BEDAEDA}.Release|Any CPU.ActiveCfg = Release|Any CPU
		{7427638D-11CB-4A94-96D9-17E93BEDAEDA}.Release|Any CPU.Build.0 = Release|Any CPU
		{04E64D2A-7C11-4D7D-BD28-5FE9DA13BF0A}.Debug|Any CPU.ActiveCfg = Debug|Any CPU
		{04E64D2A-7C11-4D7D-BD28-5FE9DA13BF0A}.Debug|Any CPU.Build.0 = Debug|Any CPU
		{04E64D2A-7C11-4D7D-BD28-5FE9DA13BF0A}.Release|Any CPU.ActiveCfg = Release|Any CPU
		{04E64D2A-7C11-4D7D-BD28-5FE9DA13BF0A}.Release|Any CPU.Build.0 = Release|Any CPU
	EndGlobalSection
	GlobalSection(SolutionProperties) = preSolution
		HideSolutionNode = FALSE
	EndGlobalSection
	GlobalSection(ExtensibilityGlobals) = postSolution
		SolutionGuid = {B5FA5228-12AE-4695-AD31-96BB1E8A4681}
	EndGlobalSection
EndGlobal
